
Microsoft Visual Studio Solution File, Format Version 12.00
# Visual Studio 15
Project("{FAE04EC0-301F-11D3-BF4B-00C04F79EFBC}") = "Assembly-CSharp-Editor", "Assembly-CSharp-Editor.csproj", "{6031C842-8F1C-2134-6895-F3FD8D7793E1}"
EndProject
Project("{FAE04EC0-301F-11D3-BF4B-00C04F79EFBC}") = "Assembly-CSharp", "Assembly-CSharp.csproj", "{B394FBAE-21A8-D32F-ABD6-2AAE540F292B}"
EndProject
Global
	GlobalSection(SolutionConfigurationPlatforms) = preSolution
		Debug|Any CPU = Debug|Any CPU
		Release|Any CPU = Release|Any CPU
	EndGlobalSection
	GlobalSection(ProjectConfigurationPlatforms) = postSolution
		{6031C842-8F1C-2134-6895-F3FD8D7793E1}.Debug|Any CPU.ActiveCfg = Debug|Any CPU
		{6031C842-8F1C-2134-6895-F3FD8D7793E1}.Debug|Any CPU.Build.0 = Debug|Any CPU
		{6031C842-8F1C-2134-6895-F3FD8D7793E1}.Release|Any CPU.ActiveCfg = Release|Any CPU
		{6031C842-8F1C-2134-6895-F3FD8D7793E1}.Release|Any CPU.Build.0 = Release|Any CPU
		{B394FBAE-21A8-D32F-ABD6-2AAE540F292B}.Debug|Any CPU.ActiveCfg = Debug|Any CPU
		{B394FBAE-21A8-D32F-ABD6-2AAE540F292B}.Debug|Any CPU.Build.0 = Debug|Any CPU
		{B394FBAE-21A8-D32F-ABD6-2AAE540F292B}.Release|Any CPU.ActiveCfg = Release|Any CPU
		{B394FBAE-21A8-D32F-ABD6-2AAE540F292B}.Release|Any CPU.Build.0 = Release|Any CPU
	EndGlobalSection
	GlobalSection(SolutionProperties) = preSolution
		HideSolutionNode = FALSE
	EndGlobalSection
EndGlobal
